// !$*UTF8*$!
{
	archiveVersion = 1;
	classes = {
	};
	objectVersion = 46;
	objects = {

/* Begin PBXBuildFile section */
		8413A5341CD170D4003FA9EB /* AppDelegate.swift in Sources */ = {isa = PBXBuildFile; fileRef = 8413A5331CD170D4003FA9EB /* AppDelegate.swift */; };
		8413A5361CD170D4003FA9EB /* ViewController.swift in Sources */ = {isa = PBXBuildFile; fileRef = 8413A5351CD170D4003FA9EB /* ViewController.swift */; };
		8413A5391CD170D4003FA9EB /* Main.storyboard in Resources */ = {isa = PBXBuildFile; fileRef = 8413A5371CD170D4003FA9EB /* Main.storyboard */; };
		8413A53B1CD170D4003FA9EB /* Assets.xcassets in Resources */ = {isa = PBXBuildFile; fileRef = 8413A53A1CD170D4003FA9EB /* Assets.xcassets */; };
		8413A53E1CD170D4003FA9EB /* LaunchScreen.storyboard in Resources */ = {isa = PBXBuildFile; fileRef = 8413A53C1CD170D4003FA9EB /* LaunchScreen.storyboard */; };
		8413A5461CD172C0003FA9EB /* Character.swift in Sources */ = {isa = PBXBuildFile; fileRef = 8413A5451CD172C0003FA9EB /* Character.swift */; };
		8413A5481CD174A3003FA9EB /* Player.swift in Sources */ = {isa = PBXBuildFile; fileRef = 8413A5471CD174A3003FA9EB /* Player.swift */; };
		8413A54A1CD176F9003FA9EB /* Enemy.swift in Sources */ = {isa = PBXBuildFile; fileRef = 8413A5491CD176F9003FA9EB /* Enemy.swift */; };
		8413A54C1CD17886003FA9EB /* Kimara.swift in Sources */ = {isa = PBXBuildFile; fileRef = 8413A54B1CD17886003FA9EB /* Kimara.swift */; };
		8413A54E1CD179F8003FA9EB /* DevilWizard.swift in Sources */ = {isa = PBXBuildFile; fileRef = 8413A54D1CD179F8003FA9EB /* DevilWizard.swift */; };
/* End PBXBuildFile section */

/* Begin PBXFileReference section */
		8413A5301CD170D4003FA9EB /* rpg-oop.app */ = {isa = PBXFileReference; explicitFileType = wrapper.application; includeInIndex = 0; path = "rpg-oop.app"; sourceTree = BUILT_PRODUCTS_DIR; };
		8413A5331CD170D4003FA9EB /* AppDelegate.swift */ = {isa = PBXFileReference; lastKnownFileType = sourcecode.swift; path = AppDelegate.swift; sourceTree = "<group>"; };
		8413A5351CD170D4003FA9EB /* ViewController.swift */ = {isa = PBXFileReference; lastKnownFileType = sourcecode.swift; path = ViewController.swift; sourceTree = "<group>"; };
		8413A5381CD170D4003FA9EB /* Base */ = {isa = PBXFileReference; lastKnownFileType = file.storyboard; name = Base; path = Base.lproj/Main.storyboard; sourceTree = "<group>"; };
		8413A53A1CD170D4003FA9EB /* Assets.xcassets */ = {isa = PBXFileReference; lastKnownFileType = folder.assetcatalog; path = Assets.xcassets; sourceTree = "<group>"; };
		8413A53D1CD170D4003FA9EB /* Base */ = {isa = PBXFileReference; lastKnownFileType = file.storyboard; name = Base; path = Base.lproj/LaunchScreen.storyboard; sourceTree = "<group>"; };
		8413A53F1CD170D4003FA9EB /* Info.plist */ = {isa = PBXFileReference; lastKnownFileType = text.plist.xml; path = Info.plist; sourceTree = "<group>"; };
		8413A5451CD172C0003FA9EB /* Character.swift */ = {isa = PBXFileReference; fileEncoding = 4; lastKnownFileType = sourcecode.swift; path = Character.swift; sourceTree = "<group>"; };
		8413A5471CD174A3003FA9EB /* Player.swift */ = {isa = PBXFileReference; fileEncoding = 4; lastKnownFileType = sourcecode.swift; path = Player.swift; sourceTree = "<group>"; };
		8413A5491CD176F9003FA9EB /* Enemy.swift */ = {isa = PBXFileReference; fileEncoding = 4; lastKnownFileType = sourcecode.swift; path = Enemy.swift; sourceTree = "<group>"; };
		8413A54B1CD17886003FA9EB /* Kimara.swift */ = {isa = PBXFileReference; fileEncoding = 4; lastKnownFileType = sourcecode.swift; path = Kimara.swift; sourceTree = "<group>"; };
		8413A54D1CD179F8003FA9EB /* DevilWizard.swift */ = {isa = PBXFileReference; fileEncoding = 4; lastKnownFileType = sourcecode.swift; path = DevilWizard.swift; sourceTree = "<group>"; };
/* End PBXFileReference section */

/* Begin PBXFrameworksBuildPhase section */
		8413A52D1CD170D4003FA9EB /* Frameworks */ = {
			isa = PBXFrameworksBuildPhase;
			buildActionMask = 2147483647;
			files = (
			);
			runOnlyForDeploymentPostprocessing = 0;
		};
/* End PBXFrameworksBuildPhase section */

/* Begin PBXGroup section */
		8413A5271CD170D4003FA9EB = {
			isa = PBXGroup;
			children = (
				8413A5321CD170D4003FA9EB /* rpg-oop */,
				8413A5311CD170D4003FA9EB /* Products */,
			);
			sourceTree = "<group>";
		};
		8413A5311CD170D4003FA9EB /* Products */ = {
			isa = PBXGroup;
			children = (
				8413A5301CD170D4003FA9EB /* rpg-oop.app */,
			);
			name = Products;
			sourceTree = "<group>";
		};
		8413A5321CD170D4003FA9EB /* rpg-oop */ = {
			isa = PBXGroup;
			children = (
				8413A5331CD170D4003FA9EB /* AppDelegate.swift */,
				8413A5351CD170D4003FA9EB /* ViewController.swift */,
				8413A5371CD170D4003FA9EB /* Main.storyboard */,
				8413A53A1CD170D4003FA9EB /* Assets.xcassets */,
				8413A53C1CD170D4003FA9EB /* LaunchScreen.storyboard */,
				8413A53F1CD170D4003FA9EB /* Info.plist */,
				8413A5451CD172C0003FA9EB /* Character.swift */,
				8413A5471CD174A3003FA9EB /* Player.swift */,
				8413A5491CD176F9003FA9EB /* Enemy.swift */,
				8413A54B1CD17886003FA9EB /* Kimara.swift */,
				8413A54D1CD179F8003FA9EB /* DevilWizard.swift */,
			);
			path = "rpg-oop";
			sourceTree = "<group>";
		};
/* End PBXGroup section */

/* Begin PBXNativeTarget section */
		8413A52F1CD170D4003FA9EB /* rpg-oop */ = {
			isa = PBXNativeTarget;
			buildConfigurationList = 8413A5421CD170D4003FA9EB /* Build configuration list for PBXNativeTarget "rpg-oop" */;
			buildPhases = (
				8413A52C1CD170D4003FA9EB /* Sources */,
				8413A52D1CD170D4003FA9EB /* Frameworks */,
				8413A52E1CD170D4003FA9EB /* Resources */,
			);
			buildRules = (
			);
			dependencies = (
			);
			name = "rpg-oop";
			productName = "rpg-oop";
			productReference = 8413A5301CD170D4003FA9EB /* rpg-oop.app */;
			productType = "com.apple.product-type.application";
		};
/* End PBXNativeTarget section */

/* Begin PBXProject section */
		8413A5281CD170D4003FA9EB /* Project object */ = {
			isa = PBXProject;
			attributes = {
				LastSwiftUpdateCheck = 0730;
				LastUpgradeCheck = 0730;
				ORGANIZATIONNAME = Karabensh;
				TargetAttributes = {
					8413A52F1CD170D4003FA9EB = {
						CreatedOnToolsVersion = 7.3;
					};
				};
			};
			buildConfigurationList = 8413A52B1CD170D4003FA9EB /* Build configuration list for PBXProject "rpg-oop" */;
			compatibilityVersion = "Xcode 3.2";
			developmentRegion = English;
			hasScannedForEncodings = 0;
			knownRegions = (
				en,
				Base,
			);
			mainGroup = 8413A5271CD170D4003FA9EB;
			productRefGroup = 8413A5311CD170D4003FA9EB /* Products */;
			projectDirPath = "";
			projectRoot = "";
			targets = (
				8413A52F1CD170D4003FA9EB /* rpg-oop */,
			);
		};
/* End PBXProject section */

/* Begin PBXResourcesBuildPhase section */
		8413A52E1CD170D4003FA9EB /* Resources */ = {
			isa = PBXResourcesBuildPhase;
			buildActionMask = 2147483647;
			files = (
				8413A53E1CD170D4003FA9EB /* LaunchScreen.storyboard in Resources */,
				8413A53B1CD170D4003FA9EB /* Assets.xcassets in Resources */,
				8413A5391CD170D4003FA9EB /* Main.storyboard in Resources */,
			);
			runOnlyForDeploymentPostprocessing = 0;
		};
/* End PBXResourcesBuildPhase section */

/* Begin PBXSourcesBuildPhase section */
		8413A52C1CD170D4003FA9EB /* Sources */ = {
			isa = PBXSourcesBuildPhase;
			buildActionMask = 2147483647;
			files = (
				8413A5481CD174A3003FA9EB /* Player.swift in Sources */,
				8413A54A1CD176F9003FA9EB /* Enemy.swift in Sources */,
				8413A54E1CD179F8003FA9EB /* DevilWizard.swift in Sources */,
				8413A54C1CD17886003FA9EB /* Kimara.swift in Sources */,
				8413A5461CD172C0003FA9EB /* Character.swift in Sources */,
				8413A5361CD170D4003FA9EB /* ViewController.swift in Sources */,
				8413A5341CD170D4003FA9EB /* AppDelegate.swift in Sources */,
			);
			runOnlyForDeploymentPostprocessing = 0;
		};
/* End PBXSourcesBuildPhase section */

/* Begin PBXVariantGroup section */
		8413A5371CD170D4003FA9EB /* Main.storyboard */ = {
			isa = PBXVariantGroup;
			children = (
				8413A5381CD170D4003FA9EB /* Base */,
			);
			name = Main.storyboard;
			sourceTree = "<group>";
		};
		8413A53C1CD170D4003FA9EB /* LaunchScreen.storyboard */ = {
			isa = PBXVariantGroup;
			children = (
				8413A53D1CD170D4003FA9EB /* Base */,
			);
			name = LaunchScreen.storyboard;
			sourceTree = "<group>";
		};
/* End PBXVariantGroup section */

/* Begin XCBuildConfiguration section */
		8413A5401CD170D4003FA9EB /* Debug */ = {
			isa = XCBuildConfiguration;
			buildSettings = {
				ALWAYS_SEARCH_USER_PATHS = NO;
				CLANG_ANALYZER_NONNULL = YES;
				CLANG_CXX_LANGUAGE_STANDARD = "gnu++0x";
				CLANG_CXX_LIBRARY = "libc++";
				CLANG_ENABLE_MODULES = YES;
				CLANG_ENABLE_OBJC_ARC = YES;
				CLANG_WARN_BOOL_CONVERSION = YES;
				CLANG_WARN_CONSTANT_CONVERSION = YES;
				CLANG_WARN_DIRECT_OBJC_ISA_USAGE = YES_ERROR;
				CLANG_WARN_EMPTY_BODY = YES;
				CLANG_WARN_ENUM_CONVERSION = YES;
				CLANG_WARN_INT_CONVERSION = YES;
				CLANG_WARN_OBJC_ROOT_CLASS = YES_ERROR;
				CLANG_WARN_UNREACHABLE_CODE = YES;
				CLANG_WARN__DUPLICATE_METHOD_MATCH = YES;
				"CODE_SIGN_IDENTITY[sdk=iphoneos*]" = "iPhone Developer";
				COPY_PHASE_STRIP = NO;
				DEBUG_INFORMATION_FORMAT = dwarf;
				ENABLE_STRICT_OBJC_MSGSEND = YES;
				ENABLE_TESTABILITY = YES;
				GCC_C_LANGUAGE_STANDARD = gnu99;
				GCC_DYNAMIC_NO_PIC = NO;
				GCC_NO_COMMON_BLOCKS = YES;
				GCC_OPTIMIZATION_LEVEL = 0;
				GCC_PREPROCESSOR_DEFINITIONS = (
					"DEBUG=1",
					"$(inherited)",
				);
				GCC_WARN_64_TO_32_BIT_CONVERSION = YES;
				GCC_WARN_ABOUT_RETURN_TYPE = YES_ERROR;
				GCC_WARN_UNDECLARED_SELECTOR = YES;
				GCC_WARN_UNINITIALIZED_AUTOS = YES_AGGRESSIVE;
				GCC_WARN_UNUSED_FUNCTION = YES;
				GCC_WARN_UNUSED_VARIABLE = YES;
				IPHONEOS_DEPLOYMENT_TARGET = 9.3;
				MTL_ENABLE_DEBUG_INFO = YES;
				ONLY_ACTIVE_ARCH = YES;
				SDKROOT = iphoneos;
				SWIFT_OPTIMIZATION_LEVEL = "-Onone";
			};
			name = Debug;
		};
		8413A5411CD170D4003FA9EB /* Release */ = {
			isa = XCBuildConfiguration;
			buildSettings = {
				ALWAYS_SEARCH_USER_PATHS = NO;
				CLANG_ANALYZER_NONNULL = YES;
				CLANG_CXX_LANGUAGE_STANDARD = "gnu++0x";
				CLANG_CXX_LIBRARY = "libc++";
				CLANG_ENABLE_MODULES = YES;
				CLANG_ENABLE_OBJC_ARC = YES;
				CLANG_WARN_BOOL_CONVERSION = YES;
				CLANG_WARN_CONSTANT_CONVERSION = YES;
				CLANG_WARN_DIRECT_OBJC_ISA_USAGE = YES_ERROR;
				CLANG_WARN_EMPTY_BODY = YES;
				CLANG_WARN_ENUM_CONVERSION = YES;
				CLANG_WARN_INT_CONVERSION = YES;
				CLANG_WARN_OBJC_ROOT_CLASS = YES_ERROR;
				CLANG_WARN_UNREACHABLE_CODE = YES;
				CLANG_WARN__DUPLICATE_METHOD_MATCH = YES;
				"CODE_SIGN_IDENTITY[sdk=iphoneos*]" = "iPhone Developer";
				COPY_PHASE_STRIP = NO;
				DEBUG_INFORMATION_FORMAT = "dwarf-with-dsym";
				ENABLE_NS_ASSERTIONS = NO;
				ENABLE_STRICT_OBJC_MSGSEND = YES;
				GCC_C_LANGUAGE_STANDARD = gnu99;
				GCC_NO_COMMON_BLOCKS = YES;
				GCC_WARN_64_TO_32_BIT_CONVERSION = YES;
				GCC_WARN_ABOUT_RETURN_TYPE = YES_ERROR;
				GCC_WARN_UNDECLARED_SELECTOR = YES;
				GCC_WARN_UNINITIALIZED_AUTOS = YES_AGGRESSIVE;
				GCC_WARN_UNUSED_FUNCTION = YES;
				GCC_WARN_UNUSED_VARIABLE = YES;
				IPHONEOS_DEPLOYMENT_TARGET = 9.3;
				MTL_ENABLE_DEBUG_INFO = NO;
				SDKROOT = iphoneos;
				VALIDATE_PRODUCT = YES;
			};
			name = Release;
		};
		8413A5431CD170D4003FA9EB /* Debug */ = {
			isa = XCBuildConfiguration;
			buildSettings = {
				ASSETCATALOG_COMPILER_APPICON_NAME = AppIcon;
				INFOPLIST_FILE = "rpg-oop/Info.plist";
				LD_RUNPATH_SEARCH_PATHS = "$(inherited) @executable_path/Frameworks";
				PRODUCT_BUNDLE_IDENTIFIER = "com.Karabensh.rpg-oop";
				PRODUCT_NAME = "$(TARGET_NAME)";
			};
			name = Debug;
		};
		8413A5441CD170D4003FA9EB /* Release */ = {
			isa = XCBuildConfiguration;
			buildSettings = {
				ASSETCATALOG_COMPILER_APPICON_NAME = AppIcon;
				INFOPLIST_FILE = "rpg-oop/Info.plist";
				LD_RUNPATH_SEARCH_PATHS = "$(inherited) @executable_path/Frameworks";
				PRODUCT_BUNDLE_IDENTIFIER = "com.Karabensh.rpg-oop";
				PRODUCT_NAME = "$(TARGET_NAME)";
			};
			name = Release;
		};
/* End XCBuildConfiguration section */

/* Begin XCConfigurationList section */
		8413A52B1CD170D4003FA9EB /* Build configuration list for PBXProject "rpg-oop" */ = {
			isa = XCConfigurationList;
			buildConfigurations = (
				8413A5401CD170D4003FA9EB /* Debug */,
				8413A5411CD170D4003FA9EB /* Release */,
			);
			defaultConfigurationIsVisible = 0;
			defaultConfigurationName = Release;
		};
		8413A5421CD170D4003FA9EB /* Build configuration list for PBXNativeTarget "rpg-oop" */ = {
			isa = XCConfigurationList;
			buildConfigurations = (
				8413A5431CD170D4003FA9EB /* Debug */,
				8413A5441CD170D4003FA9EB /* Release */,
			);
			defaultConfigurationIsVisible = 0;
		};
/* End XCConfigurationList section */
	};
	rootObject = 8413A5281CD170D4003FA9EB /* Project object */;
}
